
Microsoft Visual Studio Solution File, Format Version 12.00
# Visual Studio Version 17
VisualStudioVersion = 17.5.002.0
MinimumVisualStudioVersion = 10.0.40219.1
Project("{9A19103F-16F7-4668-BE54-9A1E7A4F7556}") = "FinShark.Api", "FinShark.Api\FinShark.Api.csproj", "{3F431AAB-BB3B-47CE-BEC7-2CD08DB9462D}"
EndProject
Global
	GlobalSection(SolutionConfigurationPlatforms) = preSolution
		Debug|Any CPU = Debug|Any CPU
		Release|Any CPU = Release|Any CPU
	EndGlobalSection
	GlobalSection(ProjectConfigurationPlatforms) = postSolution
		{3F431AAB-BB3B-47CE-BEC7-2CD08DB9462D}.Debug|Any CPU.ActiveCfg = Debug|Any CPU
		{3F431AAB-BB3B-47CE-BEC7-2CD08DB9462D}.Debug|Any CPU.Build.0 = Debug|Any CPU
		{3F431AAB-BB3B-47CE-BEC7-2CD08DB9462D}.Release|Any CPU.ActiveCfg = Release|Any CPU
		{3F431AAB-BB3B-47CE-BEC7-2CD08DB9462D}.Release|Any CPU.Build.0 = Release|Any CPU
	EndGlobalSection
	GlobalSection(SolutionProperties) = preSolution
		HideSolutionNode = FALSE
	EndGlobalSection
	GlobalSection(ExtensibilityGlobals) = postSolution
		SolutionGuid = {777928F3-58B4-4A57-894A-171949EF014A}
	EndGlobalSection
EndGlobal
